
Microsoft Visual Studio Solution File, Format Version 12.00
# Visual Studio Version 17
VisualStudioVersion = 17.8.34316.72
MinimumVisualStudioVersion = 10.0.40219.1
Project("{9A19103F-16F7-4668-BE54-9A1E7A4F7556}") = "EmailProvider", "EmailProvider.csproj", "{3D45434B-019A-42D3-8487-4304040B684F}"
EndProject
Global
	GlobalSection(SolutionConfigurationPlatforms) = preSolution
		Debug|Any CPU = Debug|Any CPU
		Release|Any CPU = Release|Any CPU
	EndGlobalSection
	GlobalSection(ProjectConfigurationPlatforms) = postSolution
		{3D45434B-019A-42D3-8487-4304040B684F}.Debug|Any CPU.ActiveCfg = Debug|Any CPU
		{3D45434B-019A-42D3-8487-4304040B684F}.Debug|Any CPU.Build.0 = Debug|Any CPU
		{3D45434B-019A-42D3-8487-4304040B684F}.Release|Any CPU.ActiveCfg = Release|Any CPU
		{3D45434B-019A-42D3-8487-4304040B684F}.Release|Any CPU.Build.0 = Release|Any CPU
	EndGlobalSection
	GlobalSection(SolutionProperties) = preSolution
		HideSolutionNode = FALSE
	EndGlobalSection
	GlobalSection(ExtensibilityGlobals) = postSolution
		SolutionGuid = {7FE859ED-9262-40D6-A58C-1FA8BE4236E6}
	EndGlobalSection
EndGlobal
